// !$*UTF8*$!
{
	archiveVersion = 1;
	classes = {
	};
	objectVersion = 46;
	objects = {

/* Begin PBXBuildFile section */
		2237E64A192B0177001E1393 /* Cocoa.framework in Frameworks */ = {isa = PBXBuildFile; fileRef = 2237E649192B0177001E1393 /* Cocoa.framework */; };
		2237E67E192B0186001E1393 /* WebKit.framework in Frameworks */ = {isa = PBXBuildFile; fileRef = 2237E67D192B0186001E1393 /* WebKit.framework */; };
		2237E680192B018D001E1393 /* JavaScriptCore.framework in Frameworks */ = {isa = PBXBuildFile; fileRef = 2237E67F192B018D001E1393 /* JavaScriptCore.framework */; };
		22B1CF2B1937734B00D2C294 /* AppDelegate.m in Sources */ = {isa = PBXBuildFile; fileRef = 22B1CEF51937734B00D2C294 /* AppDelegate.m */; };
		22B1CF2E1937734B00D2C294 /* JSON.m in Sources */ = {isa = PBXBuildFile; fileRef = 22B1CEFC1937734B00D2C294 /* JSON.m */; };
		22B1CF2F1937734B00D2C294 /* NSData+Base64.m in Sources */ = {isa = PBXBuildFile; fileRef = 22B1CEFE1937734B00D2C294 /* NSData+Base64.m */; };
		22B1CF421937734B00D2C294 /* Images.xcassets in Resources */ = {isa = PBXBuildFile; fileRef = 22B1CF271937734B00D2C294 /* Images.xcassets */; };
		22B1CF431937734B00D2C294 /* main.m in Sources */ = {isa = PBXBuildFile; fileRef = 22B1CF281937734B00D2C294 /* main.m */; };
		C51E864C1BA61DB5007E3D53 /* libxml2.dylib in Frameworks */ = {isa = PBXBuildFile; fileRef = C51E864B1BA61DB5007E3D53 /* libxml2.dylib */; };
		C5285A741BA45CF200498239 /* MainMenu.xib in Resources */ = {isa = PBXBuildFile; fileRef = C5285A721BA45CF200498239 /* MainMenu.xib */; };
		C5285A751BA45CF200498239 /* MainWindow.xib in Resources */ = {isa = PBXBuildFile; fileRef = C5285A731BA45CF200498239 /* MainWindow.xib */; };
		C5285A781BA45D5F00498239 /* Utils.m in Sources */ = {isa = PBXBuildFile; fileRef = C5285A771BA45D5F00498239 /* Utils.m */; };
		C5285A891BA46D8A00498239 /* AddBlogWindowController.m in Sources */ = {isa = PBXBuildFile; fileRef = C5285A871BA46D8A00498239 /* AddBlogWindowController.m */; };
		C5285A8F1BA473C400498239 /* AddBlogViewController.m in Sources */ = {isa = PBXBuildFile; fileRef = C5285A8E1BA473C400498239 /* AddBlogViewController.m */; };
		C568A0711BA77B56008E9881 /* Constants.m in Sources */ = {isa = PBXBuildFile; fileRef = C568A0701BA77B56008E9881 /* Constants.m */; };
		C568A0761BA77EE6008E9881 /* BlogSelectorCellView.m in Sources */ = {isa = PBXBuildFile; fileRef = C568A0751BA77EE6008E9881 /* BlogSelectorCellView.m */; };
		C568A07D1BA78434008E9881 /* BlogViewModel.m in Sources */ = {isa = PBXBuildFile; fileRef = C568A07C1BA78434008E9881 /* BlogViewModel.m */; };
		C56F65AE1BA063DC00CF78DB /* Info.plist in Resources */ = {isa = PBXBuildFile; fileRef = C56F65AD1BA063DC00CF78DB /* Info.plist */; };
		C5A385061BA6E07C0015B947 /* MainWindowController.m in Sources */ = {isa = PBXBuildFile; fileRef = C5A385051BA6E07C0015B947 /* MainWindowController.m */; };
		C5A3850A1BA6E16A0015B947 /* BlogSelectorViewController.m in Sources */ = {isa = PBXBuildFile; fileRef = C5A385091BA6E16A0015B947 /* BlogSelectorViewController.m */; };
		C5A3850D1BA6E1C80015B947 /* BlogViewController.m in Sources */ = {isa = PBXBuildFile; fileRef = C5A3850C1BA6E1C80015B947 /* BlogViewController.m */; };
		C5F7A5D71BA8130C00D02459 /* AddBlogWindow.xib in Resources */ = {isa = PBXBuildFile; fileRef = C5F7A5D61BA8130C00D02459 /* AddBlogWindow.xib */; };
		EFCECC3F1AD94E2B6436E58D /* libPods-Ghost.a in Frameworks */ = {isa = PBXBuildFile; fileRef = 30DB4EB607B5F532C56DBAC9 /* libPods-Ghost.a */; };
/* End PBXBuildFile section */

/* Begin PBXFileReference section */
		2237E646192B0177001E1393 /* Ghost.app */ = {isa = PBXFileReference; explicitFileType = wrapper.application; includeInIndex = 0; path = Ghost.app; sourceTree = BUILT_PRODUCTS_DIR; };
		2237E649192B0177001E1393 /* Cocoa.framework */ = {isa = PBXFileReference; lastKnownFileType = wrapper.framework; name = Cocoa.framework; path = System/Library/Frameworks/Cocoa.framework; sourceTree = SDKROOT; };
		2237E64C192B0177001E1393 /* AppKit.framework */ = {isa = PBXFileReference; lastKnownFileType = wrapper.framework; name = AppKit.framework; path = System/Library/Frameworks/AppKit.framework; sourceTree = SDKROOT; };
		2237E64D192B0177001E1393 /* CoreData.framework */ = {isa = PBXFileReference; lastKnownFileType = wrapper.framework; name = CoreData.framework; path = System/Library/Frameworks/CoreData.framework; sourceTree = SDKROOT; };
		2237E64E192B0177001E1393 /* Foundation.framework */ = {isa = PBXFileReference; lastKnownFileType = wrapper.framework; name = Foundation.framework; path = System/Library/Frameworks/Foundation.framework; sourceTree = SDKROOT; };
		2237E668192B0177001E1393 /* XCTest.framework */ = {isa = PBXFileReference; lastKnownFileType = wrapper.framework; name = XCTest.framework; path = Library/Frameworks/XCTest.framework; sourceTree = DEVELOPER_DIR; };
		2237E67D192B0186001E1393 /* WebKit.framework */ = {isa = PBXFileReference; lastKnownFileType = wrapper.framework; name = WebKit.framework; path = System/Library/Frameworks/WebKit.framework; sourceTree = SDKROOT; };
		2237E67F192B018D001E1393 /* JavaScriptCore.framework */ = {isa = PBXFileReference; lastKnownFileType = wrapper.framework; name = JavaScriptCore.framework; path = System/Library/Frameworks/JavaScriptCore.framework; sourceTree = SDKROOT; };
		22B1CEF41937734B00D2C294 /* AppDelegate.h */ = {isa = PBXFileReference; fileEncoding = 4; lastKnownFileType = sourcecode.c.h; path = AppDelegate.h; sourceTree = "<group>"; };
		22B1CEF51937734B00D2C294 /* AppDelegate.m */ = {isa = PBXFileReference; fileEncoding = 4; lastKnownFileType = sourcecode.c.objc; path = AppDelegate.m; sourceTree = "<group>"; };
		22B1CEFB1937734B00D2C294 /* JSON.h */ = {isa = PBXFileReference; fileEncoding = 4; lastKnownFileType = sourcecode.c.h; path = JSON.h; sourceTree = "<group>"; };
		22B1CEFC1937734B00D2C294 /* JSON.m */ = {isa = PBXFileReference; fileEncoding = 4; lastKnownFileType = sourcecode.c.objc; path = JSON.m; sourceTree = "<group>"; };
		22B1CEFD1937734B00D2C294 /* NSData+Base64.h */ = {isa = PBXFileReference; fileEncoding = 4; lastKnownFileType = sourcecode.c.h; path = "NSData+Base64.h"; sourceTree = "<group>"; };
		22B1CEFE1937734B00D2C294 /* NSData+Base64.m */ = {isa = PBXFileReference; fileEncoding = 4; lastKnownFileType = sourcecode.c.objc; path = "NSData+Base64.m"; sourceTree = "<group>"; };
		22B1CF271937734B00D2C294 /* Images.xcassets */ = {isa = PBXFileReference; lastKnownFileType = folder.assetcatalog; path = Images.xcassets; sourceTree = "<group>"; };
		22B1CF281937734B00D2C294 /* main.m */ = {isa = PBXFileReference; fileEncoding = 4; lastKnownFileType = sourcecode.c.objc; path = main.m; sourceTree = "<group>"; };
		22B1CF2A1937734B00D2C294 /* Ghost-Prefix.pch */ = {isa = PBXFileReference; fileEncoding = 4; lastKnownFileType = sourcecode.c.h; path = "Ghost-Prefix.pch"; sourceTree = "<group>"; };
		30DB4EB607B5F532C56DBAC9 /* libPods-Ghost.a */ = {isa = PBXFileReference; explicitFileType = archive.ar; includeInIndex = 0; path = "libPods-Ghost.a"; sourceTree = BUILT_PRODUCTS_DIR; };
		64CCDBA1AB05203206F818C2 /* Pods-Ghost.debug.xcconfig */ = {isa = PBXFileReference; includeInIndex = 1; lastKnownFileType = text.xcconfig; name = "Pods-Ghost.debug.xcconfig"; path = "Pods/Target Support Files/Pods-Ghost/Pods-Ghost.debug.xcconfig"; sourceTree = "<group>"; };
		744698B47CD240E3436A3AA3 /* Pods-Ghost.release.xcconfig */ = {isa = PBXFileReference; includeInIndex = 1; lastKnownFileType = text.xcconfig; name = "Pods-Ghost.release.xcconfig"; path = "Pods/Target Support Files/Pods-Ghost/Pods-Ghost.release.xcconfig"; sourceTree = "<group>"; };
		C51E864B1BA61DB5007E3D53 /* libxml2.dylib */ = {isa = PBXFileReference; lastKnownFileType = "compiled.mach-o.dylib"; name = libxml2.dylib; path = usr/lib/libxml2.dylib; sourceTree = SDKROOT; };
		C5285A721BA45CF200498239 /* MainMenu.xib */ = {isa = PBXFileReference; fileEncoding = 4; lastKnownFileType = file.xib; name = MainMenu.xib; path = Base.lproj/MainMenu.xib; sourceTree = "<group>"; };
		C5285A731BA45CF200498239 /* MainWindow.xib */ = {isa = PBXFileReference; fileEncoding = 4; lastKnownFileType = file.xib; name = MainWindow.xib; path = Base.lproj/MainWindow.xib; sourceTree = "<group>"; };
		C5285A761BA45D5F00498239 /* Utils.h */ = {isa = PBXFileReference; fileEncoding = 4; lastKnownFileType = sourcecode.c.h; path = Utils.h; sourceTree = "<group>"; };
		C5285A771BA45D5F00498239 /* Utils.m */ = {isa = PBXFileReference; fileEncoding = 4; lastKnownFileType = sourcecode.c.objc; path = Utils.m; sourceTree = "<group>"; };
		C5285A821BA4633400498239 /* Ghost.entitlements */ = {isa = PBXFileReference; lastKnownFileType = text.xml; path = Ghost.entitlements; sourceTree = "<group>"; };
		C5285A861BA46D8A00498239 /* AddBlogWindowController.h */ = {isa = PBXFileReference; fileEncoding = 4; lastKnownFileType = sourcecode.c.h; path = AddBlogWindowController.h; sourceTree = "<group>"; };
		C5285A871BA46D8A00498239 /* AddBlogWindowController.m */ = {isa = PBXFileReference; fileEncoding = 4; lastKnownFileType = sourcecode.c.objc; path = AddBlogWindowController.m; sourceTree = "<group>"; };
		C5285A8D1BA473C400498239 /* AddBlogViewController.h */ = {isa = PBXFileReference; fileEncoding = 4; lastKnownFileType = sourcecode.c.h; path = AddBlogViewController.h; sourceTree = "<group>"; };
		C5285A8E1BA473C400498239 /* AddBlogViewController.m */ = {isa = PBXFileReference; fileEncoding = 4; lastKnownFileType = sourcecode.c.objc; path = AddBlogViewController.m; sourceTree = "<group>"; };
		C568A06F1BA77B56008E9881 /* Constants.h */ = {isa = PBXFileReference; fileEncoding = 4; lastKnownFileType = sourcecode.c.h; path = Constants.h; sourceTree = "<group>"; };
		C568A0701BA77B56008E9881 /* Constants.m */ = {isa = PBXFileReference; fileEncoding = 4; lastKnownFileType = sourcecode.c.objc; path = Constants.m; sourceTree = "<group>"; };
		C568A0741BA77EE6008E9881 /* BlogSelectorCellView.h */ = {isa = PBXFileReference; fileEncoding = 4; lastKnownFileType = sourcecode.c.h; path = BlogSelectorCellView.h; sourceTree = "<group>"; };
		C568A0751BA77EE6008E9881 /* BlogSelectorCellView.m */ = {isa = PBXFileReference; fileEncoding = 4; lastKnownFileType = sourcecode.c.objc; path = BlogSelectorCellView.m; sourceTree = "<group>"; };
		C568A07B1BA78434008E9881 /* BlogViewModel.h */ = {isa = PBXFileReference; fileEncoding = 4; lastKnownFileType = sourcecode.c.h; path = BlogViewModel.h; sourceTree = "<group>"; };
		C568A07C1BA78434008E9881 /* BlogViewModel.m */ = {isa = PBXFileReference; fileEncoding = 4; lastKnownFileType = sourcecode.c.objc; path = BlogViewModel.m; sourceTree = "<group>"; };
		C56F65AD1BA063DC00CF78DB /* Info.plist */ = {isa = PBXFileReference; fileEncoding = 4; lastKnownFileType = text.plist.xml; path = Info.plist; sourceTree = "<group>"; };
		C5A385041BA6E07C0015B947 /* MainWindowController.h */ = {isa = PBXFileReference; fileEncoding = 4; lastKnownFileType = sourcecode.c.h; path = MainWindowController.h; sourceTree = "<group>"; };
		C5A385051BA6E07C0015B947 /* MainWindowController.m */ = {isa = PBXFileReference; fileEncoding = 4; lastKnownFileType = sourcecode.c.objc; path = MainWindowController.m; sourceTree = "<group>"; };
		C5A385081BA6E16A0015B947 /* BlogSelectorViewController.h */ = {isa = PBXFileReference; fileEncoding = 4; lastKnownFileType = sourcecode.c.h; path = BlogSelectorViewController.h; sourceTree = "<group>"; };
		C5A385091BA6E16A0015B947 /* BlogSelectorViewController.m */ = {isa = PBXFileReference; fileEncoding = 4; lastKnownFileType = sourcecode.c.objc; path = BlogSelectorViewController.m; sourceTree = "<group>"; };
		C5A3850B1BA6E1C80015B947 /* BlogViewController.h */ = {isa = PBXFileReference; fileEncoding = 4; lastKnownFileType = sourcecode.c.h; path = BlogViewController.h; sourceTree = "<group>"; };
		C5A3850C1BA6E1C80015B947 /* BlogViewController.m */ = {isa = PBXFileReference; fileEncoding = 4; lastKnownFileType = sourcecode.c.objc; path = BlogViewController.m; sourceTree = "<group>"; };
		C5F7A5D61BA8130C00D02459 /* AddBlogWindow.xib */ = {isa = PBXFileReference; fileEncoding = 4; lastKnownFileType = file.xib; path = AddBlogWindow.xib; sourceTree = "<group>"; };
/* End PBXFileReference section */

/* Begin PBXFrameworksBuildPhase section */
		2237E643192B0177001E1393 /* Frameworks */ = {
			isa = PBXFrameworksBuildPhase;
			buildActionMask = 2147483647;
			files = (
				C51E864C1BA61DB5007E3D53 /* libxml2.dylib in Frameworks */,
				2237E680192B018D001E1393 /* JavaScriptCore.framework in Frameworks */,
				2237E67E192B0186001E1393 /* WebKit.framework in Frameworks */,
				2237E64A192B0177001E1393 /* Cocoa.framework in Frameworks */,
				EFCECC3F1AD94E2B6436E58D /* libPods-Ghost.a in Frameworks */,
			);
			runOnlyForDeploymentPostprocessing = 0;
		};
/* End PBXFrameworksBuildPhase section */

/* Begin PBXGroup section */
		2237E63D192B0177001E1393 = {
			isa = PBXGroup;
			children = (
				22B1CEF31937734B00D2C294 /* Ghost */,
				2237E648192B0177001E1393 /* Frameworks */,
				2237E647192B0177001E1393 /* Products */,
				4E2CAFCE1409572CD80BB81A /* Pods */,
			);
			sourceTree = "<group>";
		};
		2237E647192B0177001E1393 /* Products */ = {
			isa = PBXGroup;
			children = (
				2237E646192B0177001E1393 /* Ghost.app */,
			);
			name = Products;
			sourceTree = "<group>";
		};
		2237E648192B0177001E1393 /* Frameworks */ = {
			isa = PBXGroup;
			children = (
				C51E864B1BA61DB5007E3D53 /* libxml2.dylib */,
				2237E67F192B018D001E1393 /* JavaScriptCore.framework */,
				2237E67D192B0186001E1393 /* WebKit.framework */,
				2237E649192B0177001E1393 /* Cocoa.framework */,
				2237E668192B0177001E1393 /* XCTest.framework */,
				2237E64B192B0177001E1393 /* Other Frameworks */,
				30DB4EB607B5F532C56DBAC9 /* libPods-Ghost.a */,
			);
			name = Frameworks;
			sourceTree = "<group>";
		};
		2237E64B192B0177001E1393 /* Other Frameworks */ = {
			isa = PBXGroup;
			children = (
				2237E64C192B0177001E1393 /* AppKit.framework */,
				2237E64D192B0177001E1393 /* CoreData.framework */,
				2237E64E192B0177001E1393 /* Foundation.framework */,
			);
			name = "Other Frameworks";
			sourceTree = "<group>";
		};
		22B1CEF31937734B00D2C294 /* Ghost */ = {
			isa = PBXGroup;
			children = (
				C5586B391BA39E03008038DE /* Core */,
				C5586B3A1BA39E0E008038DE /* Controllers */,
				C568A0721BA77EAA008E9881 /* Views */,
				C568A0771BA78353008E9881 /* ViewModels */,
				C5586B3E1BA39EE0008038DE /* Resources */,
				22B1CF46193773BA00D2C294 /* Interface Builder */,
				22B1CF45193773A400D2C294 /* Supporting Files */,
			);
			path = Ghost;
			sourceTree = "<group>";
		};
		22B1CEFA1937734B00D2C294 /* Categories */ = {
			isa = PBXGroup;
			children = (
				22B1CEFB1937734B00D2C294 /* JSON.h */,
				22B1CEFC1937734B00D2C294 /* JSON.m */,
				22B1CEFD1937734B00D2C294 /* NSData+Base64.h */,
				22B1CEFE1937734B00D2C294 /* NSData+Base64.m */,
			);
			path = Categories;
			sourceTree = "<group>";
		};
		22B1CF45193773A400D2C294 /* Supporting Files */ = {
			isa = PBXGroup;
			children = (
				C5285A821BA4633400498239 /* Ghost.entitlements */,
				22B1CF281937734B00D2C294 /* main.m */,
				C56F65AD1BA063DC00CF78DB /* Info.plist */,
				22B1CF2A1937734B00D2C294 /* Ghost-Prefix.pch */,
			);
			path = "Supporting Files";
			sourceTree = "<group>";
		};
		22B1CF46193773BA00D2C294 /* Interface Builder */ = {
			isa = PBXGroup;
			children = (
				C5285A721BA45CF200498239 /* MainMenu.xib */,
				C5285A731BA45CF200498239 /* MainWindow.xib */,
				C5F7A5D61BA8130C00D02459 /* AddBlogWindow.xib */,
			);
			name = "Interface Builder";
			sourceTree = "<group>";
		};
		4E2CAFCE1409572CD80BB81A /* Pods */ = {
			isa = PBXGroup;
			children = (
				64CCDBA1AB05203206F818C2 /* Pods-Ghost.debug.xcconfig */,
				744698B47CD240E3436A3AA3 /* Pods-Ghost.release.xcconfig */,
			);
			name = Pods;
			sourceTree = "<group>";
		};
		C5285A8B1BA4739900498239 /* ViewControllers */ = {
			isa = PBXGroup;
			children = (
				C5A385071BA6E1410015B947 /* MainWindow */,
				C5285A8C1BA473B000498239 /* AddBlog */,
			);
			path = ViewControllers;
			sourceTree = "<group>";
		};
		C5285A8C1BA473B000498239 /* AddBlog */ = {
			isa = PBXGroup;
			children = (
				C5285A8D1BA473C400498239 /* AddBlogViewController.h */,
				C5285A8E1BA473C400498239 /* AddBlogViewController.m */,
			);
			path = AddBlog;
			sourceTree = "<group>";
		};
		C5586B391BA39E03008038DE /* Core */ = {
			isa = PBXGroup;
			children = (
				22B1CEF41937734B00D2C294 /* AppDelegate.h */,
				22B1CEF51937734B00D2C294 /* AppDelegate.m */,
				C5285A761BA45D5F00498239 /* Utils.h */,
				C5285A771BA45D5F00498239 /* Utils.m */,
				C568A06F1BA77B56008E9881 /* Constants.h */,
				C568A0701BA77B56008E9881 /* Constants.m */,
			);
			path = Core;
			sourceTree = "<group>";
		};
		C5586B3A1BA39E0E008038DE /* Controllers */ = {
			isa = PBXGroup;
			children = (
				C5586B3B1BA39E4E008038DE /* WindowControllers */,
				C5285A8B1BA4739900498239 /* ViewControllers */,
			);
			path = Controllers;
			sourceTree = "<group>";
		};
		C5586B3B1BA39E4E008038DE /* WindowControllers */ = {
			isa = PBXGroup;
			children = (
				C5A385031BA6E0470015B947 /* MainWindow */,
				C5DC08CB1BA6CFA4006098AD /* AddBlog */,
			);
			path = WindowControllers;
			sourceTree = "<group>";
		};
		C5586B3D1BA39EC5008038DE /* Libs */ = {
			isa = PBXGroup;
			children = (
			);
			path = Libs;
			sourceTree = "<group>";
		};
		C5586B3E1BA39EE0008038DE /* Resources */ = {
			isa = PBXGroup;
			children = (
				22B1CF271937734B00D2C294 /* Images.xcassets */,
				C5586B3D1BA39EC5008038DE /* Libs */,
				22B1CEFA1937734B00D2C294 /* Categories */,
			);
			path = Resources;
			sourceTree = "<group>";
		};
		C568A0721BA77EAA008E9881 /* Views */ = {
			isa = PBXGroup;
			children = (
				C568A0741BA77EE6008E9881 /* BlogSelectorCellView.h */,
				C568A0751BA77EE6008E9881 /* BlogSelectorCellView.m */,
			);
			path = Views;
			sourceTree = "<group>";
		};
		C568A0771BA78353008E9881 /* ViewModels */ = {
			isa = PBXGroup;
			children = (
				C568A07B1BA78434008E9881 /* BlogViewModel.h */,
				C568A07C1BA78434008E9881 /* BlogViewModel.m */,
			);
			path = ViewModels;
			sourceTree = "<group>";
		};
		C5A385031BA6E0470015B947 /* MainWindow */ = {
			isa = PBXGroup;
			children = (
				C5A385041BA6E07C0015B947 /* MainWindowController.h */,
				C5A385051BA6E07C0015B947 /* MainWindowController.m */,
			);
			path = MainWindow;
			sourceTree = "<group>";
		};
		C5A385071BA6E1410015B947 /* MainWindow */ = {
			isa = PBXGroup;
			children = (
				C5A385081BA6E16A0015B947 /* BlogSelectorViewController.h */,
				C5A385091BA6E16A0015B947 /* BlogSelectorViewController.m */,
				C5A3850B1BA6E1C80015B947 /* BlogViewController.h */,
				C5A3850C1BA6E1C80015B947 /* BlogViewController.m */,
			);
			path = MainWindow;
			sourceTree = "<group>";
		};
		C5DC08CB1BA6CFA4006098AD /* AddBlog */ = {
			isa = PBXGroup;
			children = (
				C5285A861BA46D8A00498239 /* AddBlogWindowController.h */,
				C5285A871BA46D8A00498239 /* AddBlogWindowController.m */,
			);
			path = AddBlog;
			sourceTree = "<group>";
		};
/* End PBXGroup section */

/* Begin PBXNativeTarget section */
		2237E645192B0177001E1393 /* Ghost */ = {
			isa = PBXNativeTarget;
			buildConfigurationList = 2237E677192B0177001E1393 /* Build configuration list for PBXNativeTarget "Ghost" */;
			buildPhases = (
				F01B135868F4F830B41EF178 /* Check Pods Manifest.lock */,
				2237E642192B0177001E1393 /* Sources */,
				2237E643192B0177001E1393 /* Frameworks */,
				2237E644192B0177001E1393 /* Resources */,
				11F83B2F326BF827248932A6 /* Copy Pods Resources */,
			);
			buildRules = (
			);
			dependencies = (
			);
			name = Ghost;
			productName = MG;
			productReference = 2237E646192B0177001E1393 /* Ghost.app */;
			productType = "com.apple.product-type.application";
		};
/* End PBXNativeTarget section */

/* Begin PBXProject section */
		2237E63E192B0177001E1393 /* Project object */ = {
			isa = PBXProject;
			attributes = {
				LastUpgradeCheck = 0510;
				TargetAttributes = {
					2237E645192B0177001E1393 = {
						SystemCapabilities = {
							com.apple.Sandbox = {
								enabled = 0;
							};
						};
					};
				};
			};
			buildConfigurationList = 2237E641192B0177001E1393 /* Build configuration list for PBXProject "Ghost" */;
			compatibilityVersion = "Xcode 3.2";
			developmentRegion = English;
			hasScannedForEncodings = 0;
			knownRegions = (
				en,
				Base,
			);
			mainGroup = 2237E63D192B0177001E1393;
			productRefGroup = 2237E647192B0177001E1393 /* Products */;
			projectDirPath = "";
			projectRoot = "";
			targets = (
				2237E645192B0177001E1393 /* Ghost */,
			);
		};
/* End PBXProject section */

/* Begin PBXResourcesBuildPhase section */
		2237E644192B0177001E1393 /* Resources */ = {
			isa = PBXResourcesBuildPhase;
			buildActionMask = 2147483647;
			files = (
				C5F7A5D71BA8130C00D02459 /* AddBlogWindow.xib in Resources */,
				C5285A751BA45CF200498239 /* MainWindow.xib in Resources */,
				22B1CF421937734B00D2C294 /* Images.xcassets in Resources */,
				C56F65AE1BA063DC00CF78DB /* Info.plist in Resources */,
				C5285A741BA45CF200498239 /* MainMenu.xib in Resources */,
			);
			runOnlyForDeploymentPostprocessing = 0;
		};
/* End PBXResourcesBuildPhase section */

/* Begin PBXShellScriptBuildPhase section */
		11F83B2F326BF827248932A6 /* Copy Pods Resources */ = {
			isa = PBXShellScriptBuildPhase;
			buildActionMask = 2147483647;
			files = (
			);
			inputPaths = (
			);
			name = "Copy Pods Resources";
			outputPaths = (
			);
			runOnlyForDeploymentPostprocessing = 0;
			shellPath = /bin/sh;
			shellScript = "\"${SRCROOT}/Pods/Target Support Files/Pods-Ghost/Pods-Ghost-resources.sh\"\n";
			showEnvVarsInLog = 0;
		};
		F01B135868F4F830B41EF178 /* Check Pods Manifest.lock */ = {
			isa = PBXShellScriptBuildPhase;
			buildActionMask = 2147483647;
			files = (
			);
			inputPaths = (
			);
			name = "Check Pods Manifest.lock";
			outputPaths = (
			);
			runOnlyForDeploymentPostprocessing = 0;
			shellPath = /bin/sh;
			shellScript = "diff \"${PODS_ROOT}/../Podfile.lock\" \"${PODS_ROOT}/Manifest.lock\" > /dev/null\nif [[ $? != 0 ]] ; then\n    cat << EOM\nerror: The sandbox is not in sync with the Podfile.lock. Run 'pod install' or update your CocoaPods installation.\nEOM\n    exit 1\nfi\n";
			showEnvVarsInLog = 0;
		};
/* End PBXShellScriptBuildPhase section */

/* Begin PBXSourcesBuildPhase section */
		2237E642192B0177001E1393 /* Sources */ = {
			isa = PBXSourcesBuildPhase;
			buildActionMask = 2147483647;
			files = (
				C568A0711BA77B56008E9881 /* Constants.m in Sources */,
				22B1CF2E1937734B00D2C294 /* JSON.m in Sources */,
				C5285A781BA45D5F00498239 /* Utils.m in Sources */,
				C5A3850D1BA6E1C80015B947 /* BlogViewController.m in Sources */,
				C5A3850A1BA6E16A0015B947 /* BlogSelectorViewController.m in Sources */,
				C568A0761BA77EE6008E9881 /* BlogSelectorCellView.m in Sources */,
				C5A385061BA6E07C0015B947 /* MainWindowController.m in Sources */,
				C568A07D1BA78434008E9881 /* BlogViewModel.m in Sources */,
				C5285A8F1BA473C400498239 /* AddBlogViewController.m in Sources */,
				22B1CF2F1937734B00D2C294 /* NSData+Base64.m in Sources */,
				C5285A891BA46D8A00498239 /* AddBlogWindowController.m in Sources */,
				22B1CF431937734B00D2C294 /* main.m in Sources */,
				22B1CF2B1937734B00D2C294 /* AppDelegate.m in Sources */,
			);
			runOnlyForDeploymentPostprocessing = 0;
		};
/* End PBXSourcesBuildPhase section */

/* Begin XCBuildConfiguration section */
		2237E675192B0177001E1393 /* Debug */ = {
			isa = XCBuildConfiguration;
			buildSettings = {
				ALWAYS_SEARCH_USER_PATHS = NO;
				CLANG_CXX_LANGUAGE_STANDARD = "gnu++0x";
				CLANG_CXX_LIBRARY = "libc++";
				CLANG_ENABLE_MODULES = YES;
				CLANG_ENABLE_OBJC_ARC = YES;
				CLANG_WARN_BOOL_CONVERSION = YES;
				CLANG_WARN_CONSTANT_CONVERSION = YES;
				CLANG_WARN_DIRECT_OBJC_ISA_USAGE = YES_ERROR;
				CLANG_WARN_EMPTY_BODY = YES;
				CLANG_WARN_ENUM_CONVERSION = YES;
				CLANG_WARN_INT_CONVERSION = YES;
				CLANG_WARN_OBJC_ROOT_CLASS = YES_ERROR;
				CLANG_WARN__DUPLICATE_METHOD_MATCH = YES;
				COPY_PHASE_STRIP = NO;
				DEBUG_INFORMATION_FORMAT = "dwarf-with-dsym";
				GCC_C_LANGUAGE_STANDARD = gnu99;
				GCC_DYNAMIC_NO_PIC = NO;
				GCC_ENABLE_OBJC_EXCEPTIONS = YES;
				GCC_OPTIMIZATION_LEVEL = 0;
				GCC_PREPROCESSOR_DEFINITIONS = (
					"DEBUG=1",
					"$(inherited)",
				);
				GCC_SYMBOLS_PRIVATE_EXTERN = NO;
				GCC_WARN_64_TO_32_BIT_CONVERSION = YES;
				GCC_WARN_ABOUT_RETURN_TYPE = YES_ERROR;
				GCC_WARN_UNDECLARED_SELECTOR = YES;
				GCC_WARN_UNINITIALIZED_AUTOS = YES_AGGRESSIVE;
				GCC_WARN_UNUSED_FUNCTION = YES;
				GCC_WARN_UNUSED_VARIABLE = YES;
				MACOSX_DEPLOYMENT_TARGET = 10.9;
				ONLY_ACTIVE_ARCH = YES;
				SDKROOT = macosx;
			};
			name = Debug;
		};
		2237E676192B0177001E1393 /* Release */ = {
			isa = XCBuildConfiguration;
			buildSettings = {
				ALWAYS_SEARCH_USER_PATHS = NO;
				CLANG_CXX_LANGUAGE_STANDARD = "gnu++0x";
				CLANG_CXX_LIBRARY = "libc++";
				CLANG_ENABLE_MODULES = YES;
				CLANG_ENABLE_OBJC_ARC = YES;
				CLANG_WARN_BOOL_CONVERSION = YES;
				CLANG_WARN_CONSTANT_CONVERSION = YES;
				CLANG_WARN_DIRECT_OBJC_ISA_USAGE = YES_ERROR;
				CLANG_WARN_EMPTY_BODY = YES;
				CLANG_WARN_ENUM_CONVERSION = YES;
				CLANG_WARN_INT_CONVERSION = YES;
				CLANG_WARN_OBJC_ROOT_CLASS = YES_ERROR;
				CLANG_WARN__DUPLICATE_METHOD_MATCH = YES;
				COPY_PHASE_STRIP = YES;
				DEBUG_INFORMATION_FORMAT = "dwarf-with-dsym";
				ENABLE_NS_ASSERTIONS = NO;
				GCC_C_LANGUAGE_STANDARD = gnu99;
				GCC_ENABLE_OBJC_EXCEPTIONS = YES;
				GCC_WARN_64_TO_32_BIT_CONVERSION = YES;
				GCC_WARN_ABOUT_RETURN_TYPE = YES_ERROR;
				GCC_WARN_UNDECLARED_SELECTOR = YES;
				GCC_WARN_UNINITIALIZED_AUTOS = YES_AGGRESSIVE;
				GCC_WARN_UNUSED_FUNCTION = YES;
				GCC_WARN_UNUSED_VARIABLE = YES;
				MACOSX_DEPLOYMENT_TARGET = 10.9;
				SDKROOT = macosx;
			};
			name = Release;
		};
		2237E678192B0177001E1393 /* Debug */ = {
			isa = XCBuildConfiguration;
			baseConfigurationReference = 64CCDBA1AB05203206F818C2 /* Pods-Ghost.debug.xcconfig */;
			buildSettings = {
				ASSETCATALOG_COMPILER_APPICON_NAME = AppIcon;
				CLANG_ENABLE_MODULES = YES;
				CODE_SIGN_IDENTITY = "-";
				COMBINE_HIDPI_IMAGES = YES;
				GCC_PRECOMPILE_PREFIX_HEADER = YES;
				GCC_PREFIX_HEADER = "Ghost/Supporting Files/Ghost-Prefix.pch";
				HEADER_SEARCH_PATHS = (
					"$(inherited)",
					/Applications/Xcode.app/Contents/Developer/Toolchains/XcodeDefault.xctoolchain/usr/include,
					"${SDKROOT}/usr/include/libxml2",
				);
				INFOPLIST_FILE = "$(SRCROOT)/Ghost/Supporting Files/Info.plist";
				LD_RUNPATH_SEARCH_PATHS = "$(inherited) @executable_path/../Frameworks";
				PRODUCT_NAME = Ghost;
				SWIFT_OPTIMIZATION_LEVEL = "-Onone";
				USER_HEADER_SEARCH_PATHS = "//:configuration = Debug\n\n//:configuration = Release\n\n//:completeSettings = some\nHEADER_SEARCH_PATHS\n//:configuration = Debug\n\n//:configuration = Release\n\n//:completeSettings = some\nHEADER_SEARCH_PATHS\n";
				WRAPPER_EXTENSION = app;
			};
			name = Debug;
		};
		2237E679192B0177001E1393 /* Release */ = {
			isa = XCBuildConfiguration;
			baseConfigurationReference = 744698B47CD240E3436A3AA3 /* Pods-Ghost.release.xcconfig */;
			buildSettings = {
				ASSETCATALOG_COMPILER_APPICON_NAME = AppIcon;
				CLANG_ENABLE_MODULES = YES;
				CODE_SIGN_IDENTITY = "-";
				COMBINE_HIDPI_IMAGES = YES;
				GCC_PRECOMPILE_PREFIX_HEADER = YES;
				GCC_PREFIX_HEADER = "Ghost/Supporting Files/Ghost-Prefix.pch";
				HEADER_SEARCH_PATHS = (
					"$(inherited)",
					/Applications/Xcode.app/Contents/Developer/Toolchains/XcodeDefault.xctoolchain/usr/include,
					"${SDKROOT}/usr/include/libxml2",
				);
				INFOPLIST_FILE = "$(SRCROOT)/Ghost/Supporting Files/Info.plist";
				LD_RUNPATH_SEARCH_PATHS = "$(inherited) @executable_path/../Frameworks";
				PRODUCT_NAME = Ghost;
				USER_HEADER_SEARCH_PATHS = "//:configuration = Debug\n\n//:configuration = Release\n\n//:completeSettings = some\nHEADER_SEARCH_PATHS\n//:configuration = Debug\n\n//:configuration = Release\n\n//:completeSettings = some\nHEADER_SEARCH_PATHS\n";
				WRAPPER_EXTENSION = app;
			};
			name = Release;
		};
/* End XCBuildConfiguration section */

/* Begin XCConfigurationList section */
		2237E641192B0177001E1393 /* Build configuration list for PBXProject "Ghost" */ = {
			isa = XCConfigurationList;
			buildConfigurations = (
				2237E675192B0177001E1393 /* Debug */,
				2237E676192B0177001E1393 /* Release */,
			);
			defaultConfigurationIsVisible = 0;
			defaultConfigurationName = Release;
		};
		2237E677192B0177001E1393 /* Build configuration list for PBXNativeTarget "Ghost" */ = {
			isa = XCConfigurationList;
			buildConfigurations = (
				2237E678192B0177001E1393 /* Debug */,
				2237E679192B0177001E1393 /* Release */,
			);
			defaultConfigurationIsVisible = 0;
			defaultConfigurationName = Release;
		};
/* End XCConfigurationList section */
	};
	rootObject = 2237E63E192B0177001E1393 /* Project object */;
}
